
Microsoft Visual Studio Solution File, Format Version 12.00
# Visual Studio Version 16
VisualStudioVersion = 16.0.29102.190
MinimumVisualStudioVersion = 10.0.40219.1
Project("{FAE04EC0-301F-11D3-BF4B-00C04F79EFBC}") = "RGBSync", "RGBSync.csproj", "{13F40047-05B5-48CF-81DF-40EAA94E387C}"
EndProject
Global
	GlobalSection(SolutionConfigurationPlatforms) = preSolution
		Debug|Any CPU = Debug|Any CPU
		Release|Any CPU = Release|Any CPU
	EndGlobalSection
	GlobalSection(ProjectConfigurationPlatforms) = postSolution
		{13F40047-05B5-48CF-81DF-40EAA94E387C}.Debug|Any CPU.ActiveCfg = Debug|Any CPU
		{13F40047-05B5-48CF-81DF-40EAA94E387C}.Debug|Any CPU.Build.0 = Debug|Any CPU
		{13F40047-05B5-48CF-81DF-40EAA94E387C}.Release|Any CPU.ActiveCfg = Release|Any CPU
		{13F40047-05B5-48CF-81DF-40EAA94E387C}.Release|Any CPU.Build.0 = Release|Any CPU
	EndGlobalSection
	GlobalSection(SolutionProperties) = preSolution
		HideSolutionNode = FALSE
	EndGlobalSection
	GlobalSection(ExtensibilityGlobals) = postSolution
		SolutionGuid = {D02F87AD-7DEA-4663-A0DD-DD5FFBF32AFE}
	EndGlobalSection
EndGlobal
