
Microsoft Visual Studio Solution File, Format Version 12.00
# Visual Studio Version 16
VisualStudioVersion = 16.0.29424.173
MinimumVisualStudioVersion = 10.0.40219.1
Project("{FAE04EC0-301F-11D3-BF4B-00C04F79EFBC}") = "Server", "Server\Server.csproj", "{13785E7A-8D9B-4C54-BA2F-34AE5AC782EA}"
EndProject
Project("{8BC9CEB8-8B4A-11D0-8D11-00A0C91BC942}") = "Nvidia", "Nvidia\Nvidia.vcxproj", "{D0D6BB15-7783-4BCB-BC5C-22262CE29808}"
EndProject
Project("{8BC9CEB8-8B4A-11D0-8D11-00A0C91BC942}") = "Corsair", "Corsair\Corsair.vcxproj", "{C241AE44-DBE9-45BD-A20C-A1EE7873D2C5}"
EndProject
Project("{FAE04EC0-301F-11D3-BF4B-00C04F79EFBC}") = "Gigabyte", "Gigabyte\Gigabyte.csproj", "{32E6E959-FA40-4E34-8585-32462B46C6E5}"
EndProject
Global
	GlobalSection(SolutionConfigurationPlatforms) = preSolution
		Debug|Any CPU = Debug|Any CPU
		Debug|x64 = Debug|x64
		Debug|x86 = Debug|x86
		Release|Any CPU = Release|Any CPU
		Release|x64 = Release|x64
		Release|x86 = Release|x86
	EndGlobalSection
	GlobalSection(ProjectConfigurationPlatforms) = postSolution
		{13785E7A-8D9B-4C54-BA2F-34AE5AC782EA}.Debug|Any CPU.ActiveCfg = Debug|Any CPU
		{13785E7A-8D9B-4C54-BA2F-34AE5AC782EA}.Debug|Any CPU.Build.0 = Debug|Any CPU
		{13785E7A-8D9B-4C54-BA2F-34AE5AC782EA}.Debug|x64.ActiveCfg = Debug|Any CPU
		{13785E7A-8D9B-4C54-BA2F-34AE5AC782EA}.Debug|x64.Build.0 = Debug|Any CPU
		{13785E7A-8D9B-4C54-BA2F-34AE5AC782EA}.Debug|x86.ActiveCfg = Debug|Any CPU
		{13785E7A-8D9B-4C54-BA2F-34AE5AC782EA}.Debug|x86.Build.0 = Debug|Any CPU
		{13785E7A-8D9B-4C54-BA2F-34AE5AC782EA}.Release|Any CPU.ActiveCfg = Release|Any CPU
		{13785E7A-8D9B-4C54-BA2F-34AE5AC782EA}.Release|Any CPU.Build.0 = Release|Any CPU
		{13785E7A-8D9B-4C54-BA2F-34AE5AC782EA}.Release|x64.ActiveCfg = Release|Any CPU
		{13785E7A-8D9B-4C54-BA2F-34AE5AC782EA}.Release|x64.Build.0 = Release|Any CPU
		{13785E7A-8D9B-4C54-BA2F-34AE5AC782EA}.Release|x86.ActiveCfg = Release|Any CPU
		{13785E7A-8D9B-4C54-BA2F-34AE5AC782EA}.Release|x86.Build.0 = Release|Any CPU
		{D0D6BB15-7783-4BCB-BC5C-22262CE29808}.Debug|Any CPU.ActiveCfg = Debug|Win32
		{D0D6BB15-7783-4BCB-BC5C-22262CE29808}.Debug|x64.ActiveCfg = Debug|x64
		{D0D6BB15-7783-4BCB-BC5C-22262CE29808}.Debug|x64.Build.0 = Debug|x64
		{D0D6BB15-7783-4BCB-BC5C-22262CE29808}.Debug|x86.ActiveCfg = Debug|Win32
		{D0D6BB15-7783-4BCB-BC5C-22262CE29808}.Debug|x86.Build.0 = Debug|Win32
		{D0D6BB15-7783-4BCB-BC5C-22262CE29808}.Release|Any CPU.ActiveCfg = Release|Win32
		{D0D6BB15-7783-4BCB-BC5C-22262CE29808}.Release|x64.ActiveCfg = Release|x64
		{D0D6BB15-7783-4BCB-BC5C-22262CE29808}.Release|x64.Build.0 = Release|x64
		{D0D6BB15-7783-4BCB-BC5C-22262CE29808}.Release|x86.ActiveCfg = Release|Win32
		{D0D6BB15-7783-4BCB-BC5C-22262CE29808}.Release|x86.Build.0 = Release|Win32
		{C241AE44-DBE9-45BD-A20C-A1EE7873D2C5}.Debug|Any CPU.ActiveCfg = Debug|Win32
		{C241AE44-DBE9-45BD-A20C-A1EE7873D2C5}.Debug|x64.ActiveCfg = Debug|x64
		{C241AE44-DBE9-45BD-A20C-A1EE7873D2C5}.Debug|x64.Build.0 = Debug|x64
		{C241AE44-DBE9-45BD-A20C-A1EE7873D2C5}.Debug|x86.ActiveCfg = Debug|Win32
		{C241AE44-DBE9-45BD-A20C-A1EE7873D2C5}.Debug|x86.Build.0 = Debug|Win32
		{C241AE44-DBE9-45BD-A20C-A1EE7873D2C5}.Release|Any CPU.ActiveCfg = Release|Win32
		{C241AE44-DBE9-45BD-A20C-A1EE7873D2C5}.Release|x64.ActiveCfg = Release|x64
		{C241AE44-DBE9-45BD-A20C-A1EE7873D2C5}.Release|x64.Build.0 = Release|x64
		{C241AE44-DBE9-45BD-A20C-A1EE7873D2C5}.Release|x86.ActiveCfg = Release|Win32
		{C241AE44-DBE9-45BD-A20C-A1EE7873D2C5}.Release|x86.Build.0 = Release|Win32
		{32E6E959-FA40-4E34-8585-32462B46C6E5}.Debug|Any CPU.ActiveCfg = Debug|Any CPU
		{32E6E959-FA40-4E34-8585-32462B46C6E5}.Debug|Any CPU.Build.0 = Debug|Any CPU
		{32E6E959-FA40-4E34-8585-32462B46C6E5}.Debug|x64.ActiveCfg = Debug|Any CPU
		{32E6E959-FA40-4E34-8585-32462B46C6E5}.Debug|x64.Build.0 = Debug|Any CPU
		{32E6E959-FA40-4E34-8585-32462B46C6E5}.Debug|x86.ActiveCfg = Debug|Any CPU
		{32E6E959-FA40-4E34-8585-32462B46C6E5}.Debug|x86.Build.0 = Debug|Any CPU
		{32E6E959-FA40-4E34-8585-32462B46C6E5}.Release|Any CPU.ActiveCfg = Release|Any CPU
		{32E6E959-FA40-4E34-8585-32462B46C6E5}.Release|Any CPU.Build.0 = Release|Any CPU
		{32E6E959-FA40-4E34-8585-32462B46C6E5}.Release|x64.ActiveCfg = Release|Any CPU
		{32E6E959-FA40-4E34-8585-32462B46C6E5}.Release|x64.Build.0 = Release|Any CPU
		{32E6E959-FA40-4E34-8585-32462B46C6E5}.Release|x86.ActiveCfg = Release|Any CPU
		{32E6E959-FA40-4E34-8585-32462B46C6E5}.Release|x86.Build.0 = Release|Any CPU
	EndGlobalSection
	GlobalSection(SolutionProperties) = preSolution
		HideSolutionNode = FALSE
	EndGlobalSection
	GlobalSection(ExtensibilityGlobals) = postSolution
		SolutionGuid = {3E378DCC-B387-4062-8030-9F1CABFF6A97}
	EndGlobalSection
EndGlobal
